
Microsoft Visual Studio Solution File, Format Version 12.00
# Visual Studio Version 17
VisualStudioVersion = 17.0.31903.59
MinimumVisualStudioVersion = 10.0.40219.1
Project("{FAE04EC0-301F-11D3-BF4B-00C04F79EFBC}") = "Data XML-Change Core", "core\Data XML-Change Core.csproj", "{F6658BE1-924A-4B36-9D84-C165EA92DA9F}"
EndProject
Project("{FAE04EC0-301F-11D3-BF4B-00C04F79EFBC}") = "Data XML-Change App", "app\Data XML-Change App.csproj", "{0AC4EB30-A1F1-4889-BA7F-F4AE90E2C98C}"
EndProject
Global
	GlobalSection(SolutionConfigurationPlatforms) = preSolution
		Debug|Any CPU = Debug|Any CPU
		Release|Any CPU = Release|Any CPU
	EndGlobalSection
	GlobalSection(SolutionProperties) = preSolution
		HideSolutionNode = FALSE
	EndGlobalSection
	GlobalSection(ProjectConfigurationPlatforms) = postSolution
		{F6658BE1-924A-4B36-9D84-C165EA92DA9F}.Debug|Any CPU.ActiveCfg = Debug|Any CPU
		{F6658BE1-924A-4B36-9D84-C165EA92DA9F}.Debug|Any CPU.Build.0 = Debug|Any CPU
		{F6658BE1-924A-4B36-9D84-C165EA92DA9F}.Release|Any CPU.ActiveCfg = Release|Any CPU
		{F6658BE1-924A-4B36-9D84-C165EA92DA9F}.Release|Any CPU.Build.0 = Release|Any CPU
		{0AC4EB30-A1F1-4889-BA7F-F4AE90E2C98C}.Debug|Any CPU.ActiveCfg = Debug|Any CPU
		{0AC4EB30-A1F1-4889-BA7F-F4AE90E2C98C}.Debug|Any CPU.Build.0 = Debug|Any CPU
		{0AC4EB30-A1F1-4889-BA7F-F4AE90E2C98C}.Release|Any CPU.ActiveCfg = Release|Any CPU
		{0AC4EB30-A1F1-4889-BA7F-F4AE90E2C98C}.Release|Any CPU.Build.0 = Release|Any CPU
	EndGlobalSection
EndGlobal
